
Microsoft Visual Studio Solution File, Format Version 12.00
# Visual Studio 15
Project("{FAE04EC0-301F-11D3-BF4B-00C04F79EFBC}") = "Obi", "Obi.csproj", "{15E192B8-8252-E28C-300A-74594A8A6EBA}"
EndProject
Project("{FAE04EC0-301F-11D3-BF4B-00C04F79EFBC}") = "VRC.SDKBase", "VRC.SDKBase.csproj", "{3AE8F720-CE7B-2BF8-7C15-C98DDA9F4360}"
EndProject
Project("{FAE04EC0-301F-11D3-BF4B-00C04F79EFBC}") = "VRC.Udon.Serialization.OdinSerializer", "VRC.Udon.Serialization.OdinSerializer.csproj", "{EC832552-20BF-E77F-0393-A29896DDB4D1}"
EndProject
Project("{FAE04EC0-301F-11D3-BF4B-00C04F79EFBC}") = "UniTask", "UniTask.csproj", "{14133D0E-76C6-CDA6-655D-E6F9CC30352A}"
EndProject
Project("{FAE04EC0-301F-11D3-BF4B-00C04F79EFBC}") = "UdonSharp.Runtime", "UdonSharp.Runtime.csproj", "{9210F365-CDB5-DD70-A0F1-BF17ED600987}"
EndProject
Project("{FAE04EC0-301F-11D3-BF4B-00C04F79EFBC}") = "VRC.Udon", "VRC.Udon.csproj", "{1ECC1ED8-7F8A-517B-E4C9-EB83A8F18CF9}"
EndProject
Project("{FAE04EC0-301F-11D3-BF4B-00C04F79EFBC}") = "UniTask.Linq", "UniTask.Linq.csproj", "{14F186DB-4E62-7A07-3274-D2FEF60362AA}"
EndProject
Project("{FAE04EC0-301F-11D3-BF4B-00C04F79EFBC}") = "VRC.ClientSim", "VRC.ClientSim.csproj", "{F1D39B60-6921-7E4C-BF8C-2CF1446DFEA5}"
EndProject
Project("{FAE04EC0-301F-11D3-BF4B-00C04F79EFBC}") = "Assembly-CSharp", "Assembly-CSharp.csproj", "{CA1FDFCE-4EF1-5158-51C5-F03FE5C50B29}"
EndProject
Project("{FAE04EC0-301F-11D3-BF4B-00C04F79EFBC}") = "VRC.SDK3", "VRC.SDK3.csproj", "{70F7CA2F-A51F-1844-2D83-69477C117C8B}"
EndProject
Project("{FAE04EC0-301F-11D3-BF4B-00C04F79EFBC}") = "UdonSharp.Lib", "UdonSharp.Lib.csproj", "{7A194DA9-8C39-2DF6-C1FC-A4FEC5E5BFD1}"
EndProject
Project("{FAE04EC0-301F-11D3-BF4B-00C04F79EFBC}") = "VRC.SDKBase.Editor.BuildPipeline", "VRC.SDKBase.Editor.BuildPipeline.csproj", "{9933A556-D858-EED2-0836-F54A5B89731C}"
EndProject
Project("{FAE04EC0-301F-11D3-BF4B-00C04F79EFBC}") = "UniTask.TextMeshPro", "UniTask.TextMeshPro.csproj", "{F34567FF-0F48-DC30-3093-6E3E37BB5B32}"
EndProject
Project("{FAE04EC0-301F-11D3-BF4B-00C04F79EFBC}") = "UniTask.DOTween", "UniTask.DOTween.csproj", "{3D1227CB-06B2-3CD1-3328-8CB1872F333C}"
EndProject
Project("{FAE04EC0-301F-11D3-BF4B-00C04F79EFBC}") = "UniTask.Addressables", "UniTask.Addressables.csproj", "{AA44AA37-0C5D-73BC-BDD3-4384248803B7}"
EndProject
Project("{FAE04EC0-301F-11D3-BF4B-00C04F79EFBC}") = "UdonSharp.Editor", "UdonSharp.Editor.csproj", "{E2A7A586-223D-DE54-7918-3DF0529D2239}"
EndProject
Project("{FAE04EC0-301F-11D3-BF4B-00C04F79EFBC}") = "VRC.SDKBase.Editor", "VRC.SDKBase.Editor.csproj", "{6675EEDE-F229-9B3E-C637-0FBBEB7B9F84}"
EndProject
Project("{FAE04EC0-301F-11D3-BF4B-00C04F79EFBC}") = "VRC.Udon.Editor", "VRC.Udon.Editor.csproj", "{10C46CCA-1E0A-2952-F74F-05172FF84E1F}"
EndProject
Project("{FAE04EC0-301F-11D3-BF4B-00C04F79EFBC}") = "Obi.Editor", "Obi.Editor.csproj", "{F3B6DAA3-7AE1-85EB-1911-521F3004F0F5}"
EndProject
Project("{FAE04EC0-301F-11D3-BF4B-00C04F79EFBC}") = "VRC.SDK3.Editor", "VRC.SDK3.Editor.csproj", "{9A1E6265-1493-A1A2-74D5-BBB02E4148D7}"
EndProject
Project("{FAE04EC0-301F-11D3-BF4B-00C04F79EFBC}") = "VRWorldToolkit.Editor", "VRWorldToolkit.Editor.csproj", "{A36947B5-C2A6-6DBA-B2B1-8133ABF090EE}"
EndProject
Project("{FAE04EC0-301F-11D3-BF4B-00C04F79EFBC}") = "UnityEditorTests", "UnityEditorTests.csproj", "{89DF7FB9-2577-3B61-C956-97F8979339F7}"
EndProject
Project("{FAE04EC0-301F-11D3-BF4B-00C04F79EFBC}") = "VRC.SDKBase.Editor.ShaderStripping", "VRC.SDKBase.Editor.ShaderStripping.csproj", "{FCC76927-2862-8AA0-4CC7-C3BF0FA6B0B9}"
EndProject
Project("{FAE04EC0-301F-11D3-BF4B-00C04F79EFBC}") = "com.vrchat.core.vpm-resolver.Editor", "com.vrchat.core.vpm-resolver.Editor.csproj", "{397DF148-393D-BDF8-294C-8F961105A291}"
EndProject
Project("{FAE04EC0-301F-11D3-BF4B-00C04F79EFBC}") = "VRC.ClientSim.Editor", "VRC.ClientSim.Editor.csproj", "{F00A1AD6-9379-06AA-BDFD-43AA3C8E0D3B}"
EndProject
Project("{FAE04EC0-301F-11D3-BF4B-00C04F79EFBC}") = "UniTask.Editor", "UniTask.Editor.csproj", "{7A2BA4CD-AB44-62CF-285B-22EFF33F7D22}"
EndProject
Global
	GlobalSection(SolutionConfigurationPlatforms) = preSolution
		Debug|Any CPU = Debug|Any CPU
		Release|Any CPU = Release|Any CPU
	EndGlobalSection
	GlobalSection(ProjectConfigurationPlatforms) = postSolution
		{15E192B8-8252-E28C-300A-74594A8A6EBA}.Debug|Any CPU.ActiveCfg = Debug|Any CPU
		{15E192B8-8252-E28C-300A-74594A8A6EBA}.Debug|Any CPU.Build.0 = Debug|Any CPU
		{15E192B8-8252-E28C-300A-74594A8A6EBA}.Release|Any CPU.ActiveCfg = Release|Any CPU
		{15E192B8-8252-E28C-300A-74594A8A6EBA}.Release|Any CPU.Build.0 = Release|Any CPU
		{3AE8F720-CE7B-2BF8-7C15-C98DDA9F4360}.Debug|Any CPU.ActiveCfg = Debug|Any CPU
		{3AE8F720-CE7B-2BF8-7C15-C98DDA9F4360}.Debug|Any CPU.Build.0 = Debug|Any CPU
		{3AE8F720-CE7B-2BF8-7C15-C98DDA9F4360}.Release|Any CPU.ActiveCfg = Release|Any CPU
		{3AE8F720-CE7B-2BF8-7C15-C98DDA9F4360}.Release|Any CPU.Build.0 = Release|Any CPU
		{EC832552-20BF-E77F-0393-A29896DDB4D1}.Debug|Any CPU.ActiveCfg = Debug|Any CPU
		{EC832552-20BF-E77F-0393-A29896DDB4D1}.Debug|Any CPU.Build.0 = Debug|Any CPU
		{EC832552-20BF-E77F-0393-A29896DDB4D1}.Release|Any CPU.ActiveCfg = Release|Any CPU
		{EC832552-20BF-E77F-0393-A29896DDB4D1}.Release|Any CPU.Build.0 = Release|Any CPU
		{14133D0E-76C6-CDA6-655D-E6F9CC30352A}.Debug|Any CPU.ActiveCfg = Debug|Any CPU
		{14133D0E-76C6-CDA6-655D-E6F9CC30352A}.Debug|Any CPU.Build.0 = Debug|Any CPU
		{14133D0E-76C6-CDA6-655D-E6F9CC30352A}.Release|Any CPU.ActiveCfg = Release|Any CPU
		{14133D0E-76C6-CDA6-655D-E6F9CC30352A}.Release|Any CPU.Build.0 = Release|Any CPU
		{9210F365-CDB5-DD70-A0F1-BF17ED600987}.Debug|Any CPU.ActiveCfg = Debug|Any CPU
		{9210F365-CDB5-DD70-A0F1-BF17ED600987}.Debug|Any CPU.Build.0 = Debug|Any CPU
		{9210F365-CDB5-DD70-A0F1-BF17ED600987}.Release|Any CPU.ActiveCfg = Release|Any CPU
		{9210F365-CDB5-DD70-A0F1-BF17ED600987}.Release|Any CPU.Build.0 = Release|Any CPU
		{1ECC1ED8-7F8A-517B-E4C9-EB83A8F18CF9}.Debug|Any CPU.ActiveCfg = Debug|Any CPU
		{1ECC1ED8-7F8A-517B-E4C9-EB83A8F18CF9}.Debug|Any CPU.Build.0 = Debug|Any CPU
		{1ECC1ED8-7F8A-517B-E4C9-EB83A8F18CF9}.Release|Any CPU.ActiveCfg = Release|Any CPU
		{1ECC1ED8-7F8A-517B-E4C9-EB83A8F18CF9}.Release|Any CPU.Build.0 = Release|Any CPU
		{14F186DB-4E62-7A07-3274-D2FEF60362AA}.Debug|Any CPU.ActiveCfg = Debug|Any CPU
		{14F186DB-4E62-7A07-3274-D2FEF60362AA}.Debug|Any CPU.Build.0 = Debug|Any CPU
		{14F186DB-4E62-7A07-3274-D2FEF60362AA}.Release|Any CPU.ActiveCfg = Release|Any CPU
		{14F186DB-4E62-7A07-3274-D2FEF60362AA}.Release|Any CPU.Build.0 = Release|Any CPU
		{F1D39B60-6921-7E4C-BF8C-2CF1446DFEA5}.Debug|Any CPU.ActiveCfg = Debug|Any CPU
		{F1D39B60-6921-7E4C-BF8C-2CF1446DFEA5}.Debug|Any CPU.Build.0 = Debug|Any CPU
		{F1D39B60-6921-7E4C-BF8C-2CF1446DFEA5}.Release|Any CPU.ActiveCfg = Release|Any CPU
		{F1D39B60-6921-7E4C-BF8C-2CF1446DFEA5}.Release|Any CPU.Build.0 = Release|Any CPU
		{CA1FDFCE-4EF1-5158-51C5-F03FE5C50B29}.Debug|Any CPU.ActiveCfg = Debug|Any CPU
		{CA1FDFCE-4EF1-5158-51C5-F03FE5C50B29}.Debug|Any CPU.Build.0 = Debug|Any CPU
		{CA1FDFCE-4EF1-5158-51C5-F03FE5C50B29}.Release|Any CPU.ActiveCfg = Release|Any CPU
		{CA1FDFCE-4EF1-5158-51C5-F03FE5C50B29}.Release|Any CPU.Build.0 = Release|Any CPU
		{70F7CA2F-A51F-1844-2D83-69477C117C8B}.Debug|Any CPU.ActiveCfg = Debug|Any CPU
		{70F7CA2F-A51F-1844-2D83-69477C117C8B}.Debug|Any CPU.Build.0 = Debug|Any CPU
		{70F7CA2F-A51F-1844-2D83-69477C117C8B}.Release|Any CPU.ActiveCfg = Release|Any CPU
		{70F7CA2F-A51F-1844-2D83-69477C117C8B}.Release|Any CPU.Build.0 = Release|Any CPU
		{7A194DA9-8C39-2DF6-C1FC-A4FEC5E5BFD1}.Debug|Any CPU.ActiveCfg = Debug|Any CPU
		{7A194DA9-8C39-2DF6-C1FC-A4FEC5E5BFD1}.Debug|Any CPU.Build.0 = Debug|Any CPU
		{7A194DA9-8C39-2DF6-C1FC-A4FEC5E5BFD1}.Release|Any CPU.ActiveCfg = Release|Any CPU
		{7A194DA9-8C39-2DF6-C1FC-A4FEC5E5BFD1}.Release|Any CPU.Build.0 = Release|Any CPU
		{9933A556-D858-EED2-0836-F54A5B89731C}.Debug|Any CPU.ActiveCfg = Debug|Any CPU
		{9933A556-D858-EED2-0836-F54A5B89731C}.Debug|Any CPU.Build.0 = Debug|Any CPU
		{9933A556-D858-EED2-0836-F54A5B89731C}.Release|Any CPU.ActiveCfg = Release|Any CPU
		{9933A556-D858-EED2-0836-F54A5B89731C}.Release|Any CPU.Build.0 = Release|Any CPU
		{F34567FF-0F48-DC30-3093-6E3E37BB5B32}.Debug|Any CPU.ActiveCfg = Debug|Any CPU
		{F34567FF-0F48-DC30-3093-6E3E37BB5B32}.Debug|Any CPU.Build.0 = Debug|Any CPU
		{F34567FF-0F48-DC30-3093-6E3E37BB5B32}.Release|Any CPU.ActiveCfg = Release|Any CPU
		{F34567FF-0F48-DC30-3093-6E3E37BB5B32}.Release|Any CPU.Build.0 = Release|Any CPU
		{3D1227CB-06B2-3CD1-3328-8CB1872F333C}.Debug|Any CPU.ActiveCfg = Debug|Any CPU
		{3D1227CB-06B2-3CD1-3328-8CB1872F333C}.Debug|Any CPU.Build.0 = Debug|Any CPU
		{3D1227CB-06B2-3CD1-3328-8CB1872F333C}.Release|Any CPU.ActiveCfg = Release|Any CPU
		{3D1227CB-06B2-3CD1-3328-8CB1872F333C}.Release|Any CPU.Build.0 = Release|Any CPU
		{AA44AA37-0C5D-73BC-BDD3-4384248803B7}.Debug|Any CPU.ActiveCfg = Debug|Any CPU
		{AA44AA37-0C5D-73BC-BDD3-4384248803B7}.Debug|Any CPU.Build.0 = Debug|Any CPU
		{AA44AA37-0C5D-73BC-BDD3-4384248803B7}.Release|Any CPU.ActiveCfg = Release|Any CPU
		{AA44AA37-0C5D-73BC-BDD3-4384248803B7}.Release|Any CPU.Build.0 = Release|Any CPU
		{E2A7A586-223D-DE54-7918-3DF0529D2239}.Debug|Any CPU.ActiveCfg = Debug|Any CPU
		{E2A7A586-223D-DE54-7918-3DF0529D2239}.Debug|Any CPU.Build.0 = Debug|Any CPU
		{E2A7A586-223D-DE54-7918-3DF0529D2239}.Release|Any CPU.ActiveCfg = Release|Any CPU
		{E2A7A586-223D-DE54-7918-3DF0529D2239}.Release|Any CPU.Build.0 = Release|Any CPU
		{6675EEDE-F229-9B3E-C637-0FBBEB7B9F84}.Debug|Any CPU.ActiveCfg = Debug|Any CPU
		{6675EEDE-F229-9B3E-C637-0FBBEB7B9F84}.Debug|Any CPU.Build.0 = Debug|Any CPU
		{6675EEDE-F229-9B3E-C637-0FBBEB7B9F84}.Release|Any CPU.ActiveCfg = Release|Any CPU
		{6675EEDE-F229-9B3E-C637-0FBBEB7B9F84}.Release|Any CPU.Build.0 = Release|Any CPU
		{10C46CCA-1E0A-2952-F74F-05172FF84E1F}.Debug|Any CPU.ActiveCfg = Debug|Any CPU
		{10C46CCA-1E0A-2952-F74F-05172FF84E1F}.Debug|Any CPU.Build.0 = Debug|Any CPU
		{10C46CCA-1E0A-2952-F74F-05172FF84E1F}.Release|Any CPU.ActiveCfg = Release|Any CPU
		{10C46CCA-1E0A-2952-F74F-05172FF84E1F}.Release|Any CPU.Build.0 = Release|Any CPU
		{F3B6DAA3-7AE1-85EB-1911-521F3004F0F5}.Debug|Any CPU.ActiveCfg = Debug|Any CPU
		{F3B6DAA3-7AE1-85EB-1911-521F3004F0F5}.Debug|Any CPU.Build.0 = Debug|Any CPU
		{F3B6DAA3-7AE1-85EB-1911-521F3004F0F5}.Release|Any CPU.ActiveCfg = Release|Any CPU
		{F3B6DAA3-7AE1-85EB-1911-521F3004F0F5}.Release|Any CPU.Build.0 = Release|Any CPU
		{9A1E6265-1493-A1A2-74D5-BBB02E4148D7}.Debug|Any CPU.ActiveCfg = Debug|Any CPU
		{9A1E6265-1493-A1A2-74D5-BBB02E4148D7}.Debug|Any CPU.Build.0 = Debug|Any CPU
		{9A1E6265-1493-A1A2-74D5-BBB02E4148D7}.Release|Any CPU.ActiveCfg = Release|Any CPU
		{9A1E6265-1493-A1A2-74D5-BBB02E4148D7}.Release|Any CPU.Build.0 = Release|Any CPU
		{A36947B5-C2A6-6DBA-B2B1-8133ABF090EE}.Debug|Any CPU.ActiveCfg = Debug|Any CPU
		{A36947B5-C2A6-6DBA-B2B1-8133ABF090EE}.Debug|Any CPU.Build.0 = Debug|Any CPU
		{A36947B5-C2A6-6DBA-B2B1-8133ABF090EE}.Release|Any CPU.ActiveCfg = Release|Any CPU
		{A36947B5-C2A6-6DBA-B2B1-8133ABF090EE}.Release|Any CPU.Build.0 = Release|Any CPU
		{89DF7FB9-2577-3B61-C956-97F8979339F7}.Debug|Any CPU.ActiveCfg = Debug|Any CPU
		{89DF7FB9-2577-3B61-C956-97F8979339F7}.Debug|Any CPU.Build.0 = Debug|Any CPU
		{89DF7FB9-2577-3B61-C956-97F8979339F7}.Release|Any CPU.ActiveCfg = Release|Any CPU
		{89DF7FB9-2577-3B61-C956-97F8979339F7}.Release|Any CPU.Build.0 = Release|Any CPU
		{FCC76927-2862-8AA0-4CC7-C3BF0FA6B0B9}.Debug|Any CPU.ActiveCfg = Debug|Any CPU
		{FCC76927-2862-8AA0-4CC7-C3BF0FA6B0B9}.Debug|Any CPU.Build.0 = Debug|Any CPU
		{FCC76927-2862-8AA0-4CC7-C3BF0FA6B0B9}.Release|Any CPU.ActiveCfg = Release|Any CPU
		{FCC76927-2862-8AA0-4CC7-C3BF0FA6B0B9}.Release|Any CPU.Build.0 = Release|Any CPU
		{397DF148-393D-BDF8-294C-8F961105A291}.Debug|Any CPU.ActiveCfg = Debug|Any CPU
		{397DF148-393D-BDF8-294C-8F961105A291}.Debug|Any CPU.Build.0 = Debug|Any CPU
		{397DF148-393D-BDF8-294C-8F961105A291}.Release|Any CPU.ActiveCfg = Release|Any CPU
		{397DF148-393D-BDF8-294C-8F961105A291}.Release|Any CPU.Build.0 = Release|Any CPU
		{F00A1AD6-9379-06AA-BDFD-43AA3C8E0D3B}.Debug|Any CPU.ActiveCfg = Debug|Any CPU
		{F00A1AD6-9379-06AA-BDFD-43AA3C8E0D3B}.Debug|Any CPU.Build.0 = Debug|Any CPU
		{F00A1AD6-9379-06AA-BDFD-43AA3C8E0D3B}.Release|Any CPU.ActiveCfg = Release|Any CPU
		{F00A1AD6-9379-06AA-BDFD-43AA3C8E0D3B}.Release|Any CPU.Build.0 = Release|Any CPU
		{7A2BA4CD-AB44-62CF-285B-22EFF33F7D22}.Debug|Any CPU.ActiveCfg = Debug|Any CPU
		{7A2BA4CD-AB44-62CF-285B-22EFF33F7D22}.Debug|Any CPU.Build.0 = Debug|Any CPU
		{7A2BA4CD-AB44-62CF-285B-22EFF33F7D22}.Release|Any CPU.ActiveCfg = Release|Any CPU
		{7A2BA4CD-AB44-62CF-285B-22EFF33F7D22}.Release|Any CPU.Build.0 = Release|Any CPU
	EndGlobalSection
	GlobalSection(SolutionProperties) = preSolution
		HideSolutionNode = FALSE
	EndGlobalSection
EndGlobal
